
Microsoft Visual Studio Solution File, Format Version 12.00
# Visual Studio Version 16
VisualStudioVersion = 16.0.29709.97
MinimumVisualStudioVersion = 10.0.40219.1
Project("{FAE04EC0-301F-11D3-BF4B-00C04F79EFBC}") = "PizzaBestellen", "PizzaBestellen\PizzaBestellen.csproj", "{1CB58D01-89CF-47A1-AA3A-4A482A4A120F}"
EndProject
Global
	GlobalSection(SolutionConfigurationPlatforms) = preSolution
		Debug|Any CPU = Debug|Any CPU
		Release|Any CPU = Release|Any CPU
	EndGlobalSection
	GlobalSection(ProjectConfigurationPlatforms) = postSolution
		{1CB58D01-89CF-47A1-AA3A-4A482A4A120F}.Debug|Any CPU.ActiveCfg = Debug|Any CPU
		{1CB58D01-89CF-47A1-AA3A-4A482A4A120F}.Debug|Any CPU.Build.0 = Debug|Any CPU
		{1CB58D01-89CF-47A1-AA3A-4A482A4A120F}.Release|Any CPU.ActiveCfg = Release|Any CPU
		{1CB58D01-89CF-47A1-AA3A-4A482A4A120F}.Release|Any CPU.Build.0 = Release|Any CPU
	EndGlobalSection
	GlobalSection(SolutionProperties) = preSolution
		HideSolutionNode = FALSE
	EndGlobalSection
	GlobalSection(ExtensibilityGlobals) = postSolution
		SolutionGuid = {A1467CF1-D15D-4571-8BA8-679502FF0CCB}
	EndGlobalSection
EndGlobal
